
Microsoft Visual Studio Solution File, Format Version 12.00
# Visual Studio Version 17
VisualStudioVersion = 17.4.33403.182
MinimumVisualStudioVersion = 10.0.40219.1
Project("{FAE04EC0-301F-11D3-BF4B-00C04F79EFBC}") = "DisDisHarmony", "DisDisHarmony\DisDisHarmony.csproj", "{29DA51A6-7BF9-45AD-B6A2-6FEDAA5D44D0}"
EndProject
Global
	GlobalSection(SolutionConfigurationPlatforms) = preSolution
		Debug|Any CPU = Debug|Any CPU
		Release|Any CPU = Release|Any CPU
	EndGlobalSection
	GlobalSection(ProjectConfigurationPlatforms) = postSolution
		{29DA51A6-7BF9-45AD-B6A2-6FEDAA5D44D0}.Debug|Any CPU.ActiveCfg = Debug|Any CPU
		{29DA51A6-7BF9-45AD-B6A2-6FEDAA5D44D0}.Debug|Any CPU.Build.0 = Debug|Any CPU
		{29DA51A6-7BF9-45AD-B6A2-6FEDAA5D44D0}.Release|Any CPU.ActiveCfg = Release|Any CPU
		{29DA51A6-7BF9-45AD-B6A2-6FEDAA5D44D0}.Release|Any CPU.Build.0 = Release|Any CPU
	EndGlobalSection
	GlobalSection(SolutionProperties) = preSolution
		HideSolutionNode = FALSE
	EndGlobalSection
	GlobalSection(ExtensibilityGlobals) = postSolution
		SolutionGuid = {754747F7-D072-494C-8988-80412B498F7C}
	EndGlobalSection
EndGlobal
